// !$*UTF8*$!
{
	archiveVersion = 1;
	classes = {
	};
	objectVersion = 54;
	objects = {

/* Begin PBXBuildFile section */
		C1F04A972598ED23002AA521 /* AppDelegate.swift in Sources */ = {isa = PBXBuildFile; fileRef = C1F04A962598ED23002AA521 /* AppDelegate.swift */; };
		C1F04A992598ED23002AA521 /* SceneDelegate.swift in Sources */ = {isa = PBXBuildFile; fileRef = C1F04A982598ED23002AA521 /* SceneDelegate.swift */; };
		C1F04A9B2598ED23002AA521 /* ViewController.swift in Sources */ = {isa = PBXBuildFile; fileRef = C1F04A9A2598ED23002AA521 /* ViewController.swift */; };
		C1F04A9E2598ED23002AA521 /* Main.storyboard in Resources */ = {isa = PBXBuildFile; fileRef = C1F04A9C2598ED23002AA521 /* Main.storyboard */; };
		C1F04AA02598ED39002AA521 /* Assets.xcassets in Resources */ = {isa = PBXBuildFile; fileRef = C1F04A9F2598ED39002AA521 /* Assets.xcassets */; };
		C1F04AA32598ED39002AA521 /* LaunchScreen.storyboard in Resources */ = {isa = PBXBuildFile; fileRef = C1F04AA12598ED39002AA521 /* LaunchScreen.storyboard */; };
/* End PBXBuildFile section */

/* Begin PBXFileReference section */
		C198246A259BC70B003A58C0 /* alarm_sound.mp3 */ = {isa = PBXFileReference; lastKnownFileType = audio.mp3; name = alarm_sound.mp3; path = "../../EggTimer-iOS13/EggTimer/Sounds/alarm_sound.mp3"; sourceTree = "<group>"; };
		C1F04A932598ED22002AA521 /* EierWekker-iOS 14.3.app */ = {isa = PBXFileReference; explicitFileType = wrapper.application; includeInIndex = 0; path = "EierWekker-iOS 14.3.app"; sourceTree = BUILT_PRODUCTS_DIR; };
		C1F04A962598ED23002AA521 /* AppDelegate.swift */ = {isa = PBXFileReference; lastKnownFileType = sourcecode.swift; path = AppDelegate.swift; sourceTree = "<group>"; };
		C1F04A982598ED23002AA521 /* SceneDelegate.swift */ = {isa = PBXFileReference; lastKnownFileType = sourcecode.swift; path = SceneDelegate.swift; sourceTree = "<group>"; };
		C1F04A9A2598ED23002AA521 /* ViewController.swift */ = {isa = PBXFileReference; lastKnownFileType = sourcecode.swift; path = ViewController.swift; sourceTree = "<group>"; };
		C1F04A9D2598ED23002AA521 /* Base */ = {isa = PBXFileReference; lastKnownFileType = file.storyboard; name = Base; path = Base.lproj/Main.storyboard; sourceTree = "<group>"; };
		C1F04A9F2598ED39002AA521 /* Assets.xcassets */ = {isa = PBXFileReference; lastKnownFileType = folder.assetcatalog; path = Assets.xcassets; sourceTree = "<group>"; };
		C1F04AA22598ED39002AA521 /* Base */ = {isa = PBXFileReference; lastKnownFileType = file.storyboard; name = Base; path = Base.lproj/LaunchScreen.storyboard; sourceTree = "<group>"; };
		C1F04AA42598ED39002AA521 /* Info.plist */ = {isa = PBXFileReference; lastKnownFileType = text.plist.xml; path = Info.plist; sourceTree = "<group>"; };
/* End PBXFileReference section */

/* Begin PBXFrameworksBuildPhase section */
		C1F04A902598ED22002AA521 /* Frameworks */ = {
			isa = PBXFrameworksBuildPhase;
			buildActionMask = 2147483647;
			files = (
			);
			runOnlyForDeploymentPostprocessing = 0;
		};
/* End PBXFrameworksBuildPhase section */

/* Begin PBXGroup section */
		C1F04A8A2598ED22002AA521 = {
			isa = PBXGroup;
			children = (
				C1F04A952598ED22002AA521 /* EierWekker-iOS 14.3 */,
				C1F04A942598ED22002AA521 /* Products */,
			);
			sourceTree = "<group>";
		};
		C1F04A942598ED22002AA521 /* Products */ = {
			isa = PBXGroup;
			children = (
				C1F04A932598ED22002AA521 /* EierWekker-iOS 14.3.app */,
			);
			name = Products;
			sourceTree = "<group>";
		};
		C1F04A952598ED22002AA521 /* EierWekker-iOS 14.3 */ = {
			isa = PBXGroup;
			children = (
				C1F04A962598ED23002AA521 /* AppDelegate.swift */,
				C1F04A982598ED23002AA521 /* SceneDelegate.swift */,
				C1F04A9A2598ED23002AA521 /* ViewController.swift */,
				C198246A259BC70B003A58C0 /* alarm_sound.mp3 */,
				C1F04A9C2598ED23002AA521 /* Main.storyboard */,
				C1F04A9F2598ED39002AA521 /* Assets.xcassets */,
				C1F04AA12598ED39002AA521 /* LaunchScreen.storyboard */,
				C1F04AA42598ED39002AA521 /* Info.plist */,
			);
			path = "EierWekker-iOS 14.3";
			sourceTree = "<group>";
		};
/* End PBXGroup section */

/* Begin PBXNativeTarget section */
		C1F04A922598ED22002AA521 /* EierWekker-iOS 14.3 */ = {
			isa = PBXNativeTarget;
			buildConfigurationList = C1F04AA72598ED39002AA521 /* Build configuration list for PBXNativeTarget "EierWekker-iOS 14.3" */;
			buildPhases = (
				C1F04A8F2598ED22002AA521 /* Sources */,
				C1F04A902598ED22002AA521 /* Frameworks */,
				C1F04A912598ED22002AA521 /* Resources */,
			);
			buildRules = (
			);
			dependencies = (
			);
			name = "EierWekker-iOS 14.3";
			productName = "EierWekker-iOS 14.3";
			productReference = C1F04A932598ED22002AA521 /* EierWekker-iOS 14.3.app */;
			productType = "com.apple.product-type.application";
		};
/* End PBXNativeTarget section */

/* Begin PBXProject section */
		C1F04A8B2598ED22002AA521 /* Project object */ = {
			isa = PBXProject;
			attributes = {
				LastSwiftUpdateCheck = 1230;
				LastUpgradeCheck = 1230;
				TargetAttributes = {
					C1F04A922598ED22002AA521 = {
						CreatedOnToolsVersion = 12.3;
					};
				};
			};
			buildConfigurationList = C1F04A8E2598ED22002AA521 /* Build configuration list for PBXProject "EierWekker-iOS 14.3" */;
			compatibilityVersion = "Xcode 12.0";
			developmentRegion = en;
			hasScannedForEncodings = 0;
			knownRegions = (
				en,
				Base,
			);
			mainGroup = C1F04A8A2598ED22002AA521;
			productRefGroup = C1F04A942598ED22002AA521 /* Products */;
			projectDirPath = "";
			projectRoot = "";
			targets = (
				C1F04A922598ED22002AA521 /* EierWekker-iOS 14.3 */,
			);
		};
/* End PBXProject section */

/* Begin PBXResourcesBuildPhase section */
		C1F04A912598ED22002AA521 /* Resources */ = {
			isa = PBXResourcesBuildPhase;
			buildActionMask = 2147483647;
			files = (
				C1F04AA32598ED39002AA521 /* LaunchScreen.storyboard in Resources */,
				C1F04AA02598ED39002AA521 /* Assets.xcassets in Resources */,
				C1F04A9E2598ED23002AA521 /* Main.storyboard in Resources */,
			);
			runOnlyForDeploymentPostprocessing = 0;
		};
/* End PBXResourcesBuildPhase section */

/* Begin PBXSourcesBuildPhase section */
		C1F04A8F2598ED22002AA521 /* Sources */ = {
			isa = PBXSourcesBuildPhase;
			buildActionMask = 2147483647;
			files = (
				C1F04A9B2598ED23002AA521 /* ViewController.swift in Sources */,
				C1F04A972598ED23002AA521 /* AppDelegate.swift in Sources */,
				C1F04A992598ED23002AA521 /* SceneDelegate.swift in Sources */,
			);
			runOnlyForDeploymentPostprocessing = 0;
		};
/* End PBXSourcesBuildPhase section */

/* Begin PBXVariantGroup section */
		C1F04A9C2598ED23002AA521 /* Main.storyboard */ = {
			isa = PBXVariantGroup;
			children = (
				C1F04A9D2598ED23002AA521 /* Base */,
			);
			name = Main.storyboard;
			sourceTree = "<group>";
		};
		C1F04AA12598ED39002AA521 /* LaunchScreen.storyboard */ = {
			isa = PBXVariantGroup;
			children = (
				C1F04AA22598ED39002AA521 /* Base */,
			);
			name = LaunchScreen.storyboard;
			sourceTree = "<group>";
		};
/* End PBXVariantGroup section */

/* Begin XCBuildConfiguration section */
		C1F04AA52598ED39002AA521 /* Debug */ = {
			isa = XCBuildConfiguration;
			buildSettings = {
				ALWAYS_SEARCH_USER_PATHS = NO;
				CLANG_ANALYZER_NONNULL = YES;
				CLANG_ANALYZER_NUMBER_OBJECT_CONVERSION = YES_AGGRESSIVE;
				CLANG_CXX_LANGUAGE_STANDARD = "gnu++14";
				CLANG_CXX_LIBRARY = "libc++";
				CLANG_ENABLE_MODULES = YES;
				CLANG_ENABLE_OBJC_ARC = YES;
				CLANG_ENABLE_OBJC_WEAK = YES;
				CLANG_WARN_BLOCK_CAPTURE_AUTORELEASING = YES;
				CLANG_WARN_BOOL_CONVERSION = YES;
				CLANG_WARN_COMMA = YES;
				CLANG_WARN_CONSTANT_CONVERSION = YES;
				CLANG_WARN_DEPRECATED_OBJC_IMPLEMENTATIONS = YES;
				CLANG_WARN_DIRECT_OBJC_ISA_USAGE = YES_ERROR;
				CLANG_WARN_DOCUMENTATION_COMMENTS = YES;
				CLANG_WARN_EMPTY_BODY = YES;
				CLANG_WARN_ENUM_CONVERSION = YES;
				CLANG_WARN_INFINITE_RECURSION = YES;
				CLANG_WARN_INT_CONVERSION = YES;
				CLANG_WARN_NON_LITERAL_NULL_CONVERSION = YES;
				CLANG_WARN_OBJC_IMPLICIT_RETAIN_SELF = YES;
				CLANG_WARN_OBJC_LITERAL_CONVERSION = YES;
				CLANG_WARN_OBJC_ROOT_CLASS = YES_ERROR;
				CLANG_WARN_QUOTED_INCLUDE_IN_FRAMEWORK_HEADER = YES;
				CLANG_WARN_RANGE_LOOP_ANALYSIS = YES;
				CLANG_WARN_STRICT_PROTOTYPES = YES;
				CLANG_WARN_SUSPICIOUS_MOVE = YES;
				CLANG_WARN_UNGUARDED_AVAILABILITY = YES_AGGRESSIVE;
				CLANG_WARN_UNREACHABLE_CODE = YES;
				CLANG_WARN__DUPLICATE_METHOD_MATCH = YES;
				COPY_PHASE_STRIP = NO;
				DEBUG_INFORMATION_FORMAT = dwarf;
				ENABLE_STRICT_OBJC_MSGSEND = YES;
				ENABLE_TESTABILITY = YES;
				GCC_C_LANGUAGE_STANDARD = gnu11;
				GCC_DYNAMIC_NO_PIC = NO;
				GCC_NO_COMMON_BLOCKS = YES;
				GCC_OPTIMIZATION_LEVEL = 0;
				GCC_PREPROCESSOR_DEFINITIONS = (
					"DEBUG=1",
					"$(inherited)",
				);
				GCC_WARN_64_TO_32_BIT_CONVERSION = YES;
				GCC_WARN_ABOUT_RETURN_TYPE = YES_ERROR;
				GCC_WARN_UNDECLARED_SELECTOR = YES;
				GCC_WARN_UNINITIALIZED_AUTOS = YES_AGGRESSIVE;
				GCC_WARN_UNUSED_FUNCTION = YES;
				GCC_WARN_UNUSED_VARIABLE = YES;
				IPHONEOS_DEPLOYMENT_TARGET = 14.3;
				MTL_ENABLE_DEBUG_INFO = INCLUDE_SOURCE;
				MTL_FAST_MATH = YES;
				ONLY_ACTIVE_ARCH = YES;
				SDKROOT = iphoneos;
				SWIFT_ACTIVE_COMPILATION_CONDITIONS = DEBUG;
				SWIFT_OPTIMIZATION_LEVEL = "-Onone";
			};
			name = Debug;
		};
		C1F04AA62598ED39002AA521 /* Release */ = {
			isa = XCBuildConfiguration;
			buildSettings = {
				ALWAYS_SEARCH_USER_PATHS = NO;
				CLANG_ANALYZER_NONNULL = YES;
				CLANG_ANALYZER_NUMBER_OBJECT_CONVERSION = YES_AGGRESSIVE;
				CLANG_CXX_LANGUAGE_STANDARD = "gnu++14";
				CLANG_CXX_LIBRARY = "libc++";
				CLANG_ENABLE_MODULES = YES;
				CLANG_ENABLE_OBJC_ARC = YES;
				CLANG_ENABLE_OBJC_WEAK = YES;
				CLANG_WARN_BLOCK_CAPTURE_AUTORELEASING = YES;
				CLANG_WARN_BOOL_CONVERSION = YES;
				CLANG_WARN_COMMA = YES;
				CLANG_WARN_CONSTANT_CONVERSION = YES;
				CLANG_WARN_DEPRECATED_OBJC_IMPLEMENTATIONS = YES;
				CLANG_WARN_DIRECT_OBJC_ISA_USAGE = YES_ERROR;
				CLANG_WARN_DOCUMENTATION_COMMENTS = YES;
				CLANG_WARN_EMPTY_BODY = YES;
				CLANG_WARN_ENUM_CONVERSION = YES;
				CLANG_WARN_INFINITE_RECURSION = YES;
				CLANG_WARN_INT_CONVERSION = YES;
				CLANG_WARN_NON_LITERAL_NULL_CONVERSION = YES;
				CLANG_WARN_OBJC_IMPLICIT_RETAIN_SELF = YES;
				CLANG_WARN_OBJC_LITERAL_CONVERSION = YES;
				CLANG_WARN_OBJC_ROOT_CLASS = YES_ERROR;
				CLANG_WARN_QUOTED_INCLUDE_IN_FRAMEWORK_HEADER = YES;
				CLANG_WARN_RANGE_LOOP_ANALYSIS = YES;
				CLANG_WARN_STRICT_PROTOTYPES = YES;
				CLANG_WARN_SUSPICIOUS_MOVE = YES;
				CLANG_WARN_UNGUARDED_AVAILABILITY = YES_AGGRESSIVE;
				CLANG_WARN_UNREACHABLE_CODE = YES;
				CLANG_WARN__DUPLICATE_METHOD_MATCH = YES;
				COPY_PHASE_STRIP = NO;
				DEBUG_INFORMATION_FORMAT = "dwarf-with-dsym";
				ENABLE_NS_ASSERTIONS = NO;
				ENABLE_STRICT_OBJC_MSGSEND = YES;
				GCC_C_LANGUAGE_STANDARD = gnu11;
				GCC_NO_COMMON_BLOCKS = YES;
				GCC_WARN_64_TO_32_BIT_CONVERSION = YES;
				GCC_WARN_ABOUT_RETURN_TYPE = YES_ERROR;
				GCC_WARN_UNDECLARED_SELECTOR = YES;
				GCC_WARN_UNINITIALIZED_AUTOS = YES_AGGRESSIVE;
				GCC_WARN_UNUSED_FUNCTION = YES;
				GCC_WARN_UNUSED_VARIABLE = YES;
				IPHONEOS_DEPLOYMENT_TARGET = 14.3;
				MTL_ENABLE_DEBUG_INFO = NO;
				MTL_FAST_MATH = YES;
				SDKROOT = iphoneos;
				SWIFT_COMPILATION_MODE = wholemodule;
				SWIFT_OPTIMIZATION_LEVEL = "-O";
				VALIDATE_PRODUCT = YES;
			};
			name = Release;
		};
		C1F04AA82598ED39002AA521 /* Debug */ = {
			isa = XCBuildConfiguration;
			buildSettings = {
				ASSETCATALOG_COMPILER_APPICON_NAME = AppIcon;
				ASSETCATALOG_COMPILER_GLOBAL_ACCENT_COLOR_NAME = AccentColor;
				CODE_SIGN_STYLE = Automatic;
				DEVELOPMENT_TEAM = 67VPYHQXK6;
				INFOPLIST_FILE = "EierWekker-iOS 14.3/Info.plist";
				LD_RUNPATH_SEARCH_PATHS = (
					"$(inherited)",
					"@executable_path/Frameworks",
				);
				PRODUCT_BUNDLE_IDENTIFIER = "nl.zuidbos.EierWekker-iOS-14-3";
				PRODUCT_NAME = "$(TARGET_NAME)";
				SWIFT_VERSION = 5.0;
				TARGETED_DEVICE_FAMILY = "1,2";
			};
			name = Debug;
		};
		C1F04AA92598ED39002AA521 /* Release */ = {
			isa = XCBuildConfiguration;
			buildSettings = {
				ASSETCATALOG_COMPILER_APPICON_NAME = AppIcon;
				ASSETCATALOG_COMPILER_GLOBAL_ACCENT_COLOR_NAME = AccentColor;
				CODE_SIGN_STYLE = Automatic;
				DEVELOPMENT_TEAM = 67VPYHQXK6;
				INFOPLIST_FILE = "EierWekker-iOS 14.3/Info.plist";
				LD_RUNPATH_SEARCH_PATHS = (
					"$(inherited)",
					"@executable_path/Frameworks",
				);
				PRODUCT_BUNDLE_IDENTIFIER = "nl.zuidbos.EierWekker-iOS-14-3";
				PRODUCT_NAME = "$(TARGET_NAME)";
				SWIFT_VERSION = 5.0;
				TARGETED_DEVICE_FAMILY = "1,2";
			};
			name = Release;
		};
/* End XCBuildConfiguration section */

/* Begin XCConfigurationList section */
		C1F04A8E2598ED22002AA521 /* Build configuration list for PBXProject "EierWekker-iOS 14.3" */ = {
			isa = XCConfigurationList;
			buildConfigurations = (
				C1F04AA52598ED39002AA521 /* Debug */,
				C1F04AA62598ED39002AA521 /* Release */,
			);
			defaultConfigurationIsVisible = 0;
			defaultConfigurationName = Release;
		};
		C1F04AA72598ED39002AA521 /* Build configuration list for PBXNativeTarget "EierWekker-iOS 14.3" */ = {
			isa = XCConfigurationList;
			buildConfigurations = (
				C1F04AA82598ED39002AA521 /* Debug */,
				C1F04AA92598ED39002AA521 /* Release */,
			);
			defaultConfigurationIsVisible = 0;
			defaultConfigurationName = Release;
		};
/* End XCConfigurationList section */
	};
	rootObject = C1F04A8B2598ED22002AA521 /* Project object */;
}
